
Microsoft Visual Studio Solution File, Format Version 12.00
# Visual Studio Version 17
VisualStudioVersion = 17.3.32922.545
MinimumVisualStudioVersion = 10.0.40219.1
Project("{FAE04EC0-301F-11D3-BF4B-00C04F79EFBC}") = "WindowsFormsApp6", "WindowsFormsApp6\WindowsFormsApp6.csproj", "{CA1041F6-2AA2-46A2-8637-58BBA4B4FCD2}"
EndProject
Global
	GlobalSection(SolutionConfigurationPlatforms) = preSolution
		Debug|Any CPU = Debug|Any CPU
		Release|Any CPU = Release|Any CPU
	EndGlobalSection
	GlobalSection(ProjectConfigurationPlatforms) = postSolution
		{CA1041F6-2AA2-46A2-8637-58BBA4B4FCD2}.Debug|Any CPU.ActiveCfg = Debug|Any CPU
		{CA1041F6-2AA2-46A2-8637-58BBA4B4FCD2}.Debug|Any CPU.Build.0 = Debug|Any CPU
		{CA1041F6-2AA2-46A2-8637-58BBA4B4FCD2}.Release|Any CPU.ActiveCfg = Release|Any CPU
		{CA1041F6-2AA2-46A2-8637-58BBA4B4FCD2}.Release|Any CPU.Build.0 = Release|Any CPU
	EndGlobalSection
	GlobalSection(SolutionProperties) = preSolution
		HideSolutionNode = FALSE
	EndGlobalSection
	GlobalSection(ExtensibilityGlobals) = postSolution
		SolutionGuid = {1602AF96-5A15-405B-BA1D-E32318AB0276}
	EndGlobalSection
EndGlobal
